{
  "version": 4,
  "terraform_version": "1.5.4",
  "serial": 13,
  "lineage": "f82eff3d-7e3d-9572-2b2a-4afdb074992e",
  "outputs": {},
  "resources": [
    {
      "mode": "managed",
      "type": "random_password",
      "name": "my_root_password",
      "provider": "provider[\"registry.terraform.io/hashicorp/random\"]",
      "instances": [
        {
          "schema_version": 3,
          "attributes": {
            "bcrypt_hash": "$2a$10$ryip72ipAer.we9YMklcs.bq6OZAosI08IDpVN1nBTx1olRMbY3IW",
            "id": "none",
            "keepers": null,
            "length": 20,
            "lower": true,
            "min_lower": 0,
            "min_numeric": 0,
            "min_special": 0,
            "min_upper": 0,
            "number": true,
            "numeric": true,
            "override_special": null,
            "result": "=ZWuD*U]VuGOxF2ZaVjI",
            "special": true,
            "upper": true
          },
          "sensitive_attributes": []
        }
      ]
    }
  ],
  "check_results": null
}
